
Microsoft Visual Studio Solution File, Format Version 12.00
Project("{FAE04EC0-301F-11D3-BF4B-00C04F79EFBC}") = "CalorieCounting", "2022\CalorieCounting\CalorieCounting.csproj", "{97A0FF6C-10CC-42A0-949D-E10EFB48AB03}"
EndProject
Project("{FAE04EC0-301F-11D3-BF4B-00C04F79EFBC}") = "RockPaperScissors", "2022\RockPaperScissors\RockPaperScissors.csproj", "{82E0C46B-ECBA-423A-8239-E3AD6EDCAD15}"
EndProject
Project("{2150E333-8FDC-42A3-9474-1A3956D46DE8}") = "2022", "2022", "{22FA3CAE-226F-436D-823B-825A671A6838}"
EndProject
Project("{FAE04EC0-301F-11D3-BF4B-00C04F79EFBC}") = "RucksackReorganization", "2022\RucksackReorganization\RucksackReorganization.csproj", "{072E48F9-075A-4309-B9DE-22D29943ED59}"
EndProject
Global
	GlobalSection(SolutionConfigurationPlatforms) = preSolution
		Debug|Any CPU = Debug|Any CPU
		Release|Any CPU = Release|Any CPU
	EndGlobalSection
	GlobalSection(ProjectConfigurationPlatforms) = postSolution
		{97A0FF6C-10CC-42A0-949D-E10EFB48AB03}.Debug|Any CPU.ActiveCfg = Debug|Any CPU
		{97A0FF6C-10CC-42A0-949D-E10EFB48AB03}.Debug|Any CPU.Build.0 = Debug|Any CPU
		{97A0FF6C-10CC-42A0-949D-E10EFB48AB03}.Release|Any CPU.ActiveCfg = Release|Any CPU
		{97A0FF6C-10CC-42A0-949D-E10EFB48AB03}.Release|Any CPU.Build.0 = Release|Any CPU
		{82E0C46B-ECBA-423A-8239-E3AD6EDCAD15}.Debug|Any CPU.ActiveCfg = Debug|Any CPU
		{82E0C46B-ECBA-423A-8239-E3AD6EDCAD15}.Debug|Any CPU.Build.0 = Debug|Any CPU
		{82E0C46B-ECBA-423A-8239-E3AD6EDCAD15}.Release|Any CPU.ActiveCfg = Release|Any CPU
		{82E0C46B-ECBA-423A-8239-E3AD6EDCAD15}.Release|Any CPU.Build.0 = Release|Any CPU
		{072E48F9-075A-4309-B9DE-22D29943ED59}.Debug|Any CPU.ActiveCfg = Debug|Any CPU
		{072E48F9-075A-4309-B9DE-22D29943ED59}.Debug|Any CPU.Build.0 = Debug|Any CPU
		{072E48F9-075A-4309-B9DE-22D29943ED59}.Release|Any CPU.ActiveCfg = Release|Any CPU
		{072E48F9-075A-4309-B9DE-22D29943ED59}.Release|Any CPU.Build.0 = Release|Any CPU
	EndGlobalSection
	GlobalSection(NestedProjects) = preSolution
		{97A0FF6C-10CC-42A0-949D-E10EFB48AB03} = {22FA3CAE-226F-436D-823B-825A671A6838}
		{82E0C46B-ECBA-423A-8239-E3AD6EDCAD15} = {22FA3CAE-226F-436D-823B-825A671A6838}
		{072E48F9-075A-4309-B9DE-22D29943ED59} = {22FA3CAE-226F-436D-823B-825A671A6838}
	EndGlobalSection
EndGlobal
